{
    "name": "@lesnoypudge/types-utils-react",
    "version": "4.0.0",
    "lockfileVersion": 3,
    "requires": true,
    "packages": {
        "": {
            "name": "@lesnoypudge/types-utils-react",
            "version": "4.0.0",
            "license": "ISC",
            "dependencies": {
                "@lesnoypudge/types-utils-base": "^1.1.0",
                "@types/react": "^18.3.3"
            },
            "devDependencies": {
                "typescript": "^5.4.5"
            }
        },
        "node_modules/@lesnoypudge/types-utils-base": {
            "version": "1.1.0",
            "resolved": "https://registry.npmjs.org/@lesnoypudge/types-utils-base/-/types-utils-base-1.1.0.tgz",
            "integrity": "sha512-RZlSBmu0ZM6MBLM/5QHwynPL2mN7+sT8b2WocfQkY+zAltei+S5LFT2iNGgCX9Br3BUdkkB9FzQI/6w22WlVOg==",
            "dependencies": {
                "ts-essentials": "^10.0.0",
                "type-fest": "^4.18.3"
            }
        },
        "node_modules/@types/prop-types": {
            "version": "15.7.12",
            "resolved": "https://registry.npmjs.org/@types/prop-types/-/prop-types-15.7.12.tgz",
            "integrity": "sha512-5zvhXYtRNRluoE/jAp4GVsSduVUzNWKkOZrCDBWYtE7biZywwdC2AcEzg+cSMLFRfVgeAFqpfNabiPjxFddV1Q=="
        },
        "node_modules/@types/react": {
            "version": "18.3.3",
            "resolved": "https://registry.npmjs.org/@types/react/-/react-18.3.3.tgz",
            "integrity": "sha512-hti/R0pS0q1/xx+TsI73XIqk26eBsISZ2R0wUijXIngRK9R/e7Xw/cXVxQK7R5JjW+SV4zGcn5hXjudkN/pLIw==",
            "dependencies": {
                "@types/prop-types": "*",
                "csstype": "^3.0.2"
            }
        },
        "node_modules/csstype": {
            "version": "3.1.3",
            "resolved": "https://registry.npmjs.org/csstype/-/csstype-3.1.3.tgz",
            "integrity": "sha512-M1uQkMl8rQK/szD0LNhtqxIPLpimGm8sOBwU7lLnCpSbTyY3yeU1Vc7l4KT5zT4s/yOxHH5O7tIuuLOCnLADRw=="
        },
        "node_modules/ts-essentials": {
            "version": "10.0.0",
            "resolved": "https://registry.npmjs.org/ts-essentials/-/ts-essentials-10.0.0.tgz",
            "integrity": "sha512-77FHNJEyysF9+1s4G6eejuA1lxw7uMchT3ZPy3CIbh7GIunffpshtM8pTe5G6N5dpOzNevqRHew859ceLWVBfw==",
            "peerDependencies": {
                "typescript": ">=4.5.0"
            },
            "peerDependenciesMeta": {
                "typescript": {
                    "optional": true
                }
            }
        },
        "node_modules/type-fest": {
            "version": "4.18.3",
            "resolved": "https://registry.npmjs.org/type-fest/-/type-fest-4.18.3.tgz",
            "integrity": "sha512-Q08/0IrpvM+NMY9PA2rti9Jb+JejTddwmwmVQGskAlhtcrw1wsRzoR6ode6mR+OAabNa75w/dxedSUY2mlphaQ==",
            "engines": {
                "node": ">=16"
            },
            "funding": {
                "url": "https://github.com/sponsors/sindresorhus"
            }
        },
        "node_modules/typescript": {
            "version": "5.4.5",
            "resolved": "https://registry.npmjs.org/typescript/-/typescript-5.4.5.tgz",
            "integrity": "sha512-vcI4UpRgg81oIRUFwR0WSIHKt11nJ7SAVlYNIu+QpqeyXP+gpQJy/Z4+F0aGxSE4MqwjyXvW/TzgkLAx2AGHwQ==",
            "devOptional": true,
            "bin": {
                "tsc": "bin/tsc",
                "tsserver": "bin/tsserver"
            },
            "engines": {
                "node": ">=14.17"
            }
        }
    }
}
